// !$*UTF8*$!
{
	archiveVersion = 1;
	classes = {
	};
	objectVersion = 50;
	objects = {

/* Begin PBXBuildFile section */
		59DABD8B0D5D743AA245D615 /* Pods_flixster_flixsterUITests.framework in Frameworks */ = {isa = PBXBuildFile; fileRef = AD1C5B871E9832AEA4261238 /* Pods_flixster_flixsterUITests.framework */; };
		8E46AD450D85680539437248 /* Pods_flixsterTests.framework in Frameworks */ = {isa = PBXBuildFile; fileRef = 6C33008D87FD96CE18D24343 /* Pods_flixsterTests.framework */; };
		900186491EA4D5DC24C68991 /* Pods_flixster.framework in Frameworks */ = {isa = PBXBuildFile; fileRef = 1485018AD1131E8972A8B8DF /* Pods_flixster.framework */; };
		F9635609251D581F00092C46 /* MovieCell.swift in Sources */ = {isa = PBXBuildFile; fileRef = F9635608251D581F00092C46 /* MovieCell.swift */; };
		F99B2217251D4D21000A4155 /* AppDelegate.swift in Sources */ = {isa = PBXBuildFile; fileRef = F99B2216251D4D21000A4155 /* AppDelegate.swift */; };
		F99B2219251D4D21000A4155 /* SceneDelegate.swift in Sources */ = {isa = PBXBuildFile; fileRef = F99B2218251D4D21000A4155 /* SceneDelegate.swift */; };
		F99B221E251D4D21000A4155 /* Main.storyboard in Resources */ = {isa = PBXBuildFile; fileRef = F99B221C251D4D21000A4155 /* Main.storyboard */; };
		F99B2220251D4D22000A4155 /* Assets.xcassets in Resources */ = {isa = PBXBuildFile; fileRef = F99B221F251D4D22000A4155 /* Assets.xcassets */; };
		F99B2223251D4D22000A4155 /* LaunchScreen.storyboard in Resources */ = {isa = PBXBuildFile; fileRef = F99B2221251D4D22000A4155 /* LaunchScreen.storyboard */; };
		F99B222E251D4D22000A4155 /* flixsterTests.swift in Sources */ = {isa = PBXBuildFile; fileRef = F99B222D251D4D22000A4155 /* flixsterTests.swift */; };
		F99B2239251D4D23000A4155 /* flixsterUITests.swift in Sources */ = {isa = PBXBuildFile; fileRef = F99B2238251D4D23000A4155 /* flixsterUITests.swift */; };
		F99B224D251D4DFF000A4155 /* MoviesViewController.swift in Sources */ = {isa = PBXBuildFile; fileRef = F99B224C251D4DFF000A4155 /* MoviesViewController.swift */; };
/* End PBXBuildFile section */

/* Begin PBXContainerItemProxy section */
		F99B222A251D4D22000A4155 /* PBXContainerItemProxy */ = {
			isa = PBXContainerItemProxy;
			containerPortal = F99B220B251D4D21000A4155 /* Project object */;
			proxyType = 1;
			remoteGlobalIDString = F99B2212251D4D21000A4155;
			remoteInfo = flixster;
		};
		F99B2235251D4D23000A4155 /* PBXContainerItemProxy */ = {
			isa = PBXContainerItemProxy;
			containerPortal = F99B220B251D4D21000A4155 /* Project object */;
			proxyType = 1;
			remoteGlobalIDString = F99B2212251D4D21000A4155;
			remoteInfo = flixster;
		};
/* End PBXContainerItemProxy section */

/* Begin PBXFileReference section */
		06975F0B0047E8C95F2FAFCE /* Pods-flixsterTests.release.xcconfig */ = {isa = PBXFileReference; includeInIndex = 1; lastKnownFileType = text.xcconfig; name = "Pods-flixsterTests.release.xcconfig"; path = "Target Support Files/Pods-flixsterTests/Pods-flixsterTests.release.xcconfig"; sourceTree = "<group>"; };
		1485018AD1131E8972A8B8DF /* Pods_flixster.framework */ = {isa = PBXFileReference; explicitFileType = wrapper.framework; includeInIndex = 0; path = Pods_flixster.framework; sourceTree = BUILT_PRODUCTS_DIR; };
		2ABD995701A1CE058DF2F396 /* Pods-flixster-flixsterUITests.debug.xcconfig */ = {isa = PBXFileReference; includeInIndex = 1; lastKnownFileType = text.xcconfig; name = "Pods-flixster-flixsterUITests.debug.xcconfig"; path = "Target Support Files/Pods-flixster-flixsterUITests/Pods-flixster-flixsterUITests.debug.xcconfig"; sourceTree = "<group>"; };
		37F6545955E74213BBCC1DA0 /* Pods-flixster-flixsterUITests.release.xcconfig */ = {isa = PBXFileReference; includeInIndex = 1; lastKnownFileType = text.xcconfig; name = "Pods-flixster-flixsterUITests.release.xcconfig"; path = "Target Support Files/Pods-flixster-flixsterUITests/Pods-flixster-flixsterUITests.release.xcconfig"; sourceTree = "<group>"; };
		6C33008D87FD96CE18D24343 /* Pods_flixsterTests.framework */ = {isa = PBXFileReference; explicitFileType = wrapper.framework; includeInIndex = 0; path = Pods_flixsterTests.framework; sourceTree = BUILT_PRODUCTS_DIR; };
		7389724C5D1D893DB6E4EFFE /* Pods-flixsterTests.debug.xcconfig */ = {isa = PBXFileReference; includeInIndex = 1; lastKnownFileType = text.xcconfig; name = "Pods-flixsterTests.debug.xcconfig"; path = "Target Support Files/Pods-flixsterTests/Pods-flixsterTests.debug.xcconfig"; sourceTree = "<group>"; };
		AD1C5B871E9832AEA4261238 /* Pods_flixster_flixsterUITests.framework */ = {isa = PBXFileReference; explicitFileType = wrapper.framework; includeInIndex = 0; path = Pods_flixster_flixsterUITests.framework; sourceTree = BUILT_PRODUCTS_DIR; };
		D77D4754B887189E448E7D6D /* Pods-flixster.debug.xcconfig */ = {isa = PBXFileReference; includeInIndex = 1; lastKnownFileType = text.xcconfig; name = "Pods-flixster.debug.xcconfig"; path = "Target Support Files/Pods-flixster/Pods-flixster.debug.xcconfig"; sourceTree = "<group>"; };
		E3B7034C8153603E8A0095E6 /* Pods-flixster.release.xcconfig */ = {isa = PBXFileReference; includeInIndex = 1; lastKnownFileType = text.xcconfig; name = "Pods-flixster.release.xcconfig"; path = "Target Support Files/Pods-flixster/Pods-flixster.release.xcconfig"; sourceTree = "<group>"; };
		F9635608251D581F00092C46 /* MovieCell.swift */ = {isa = PBXFileReference; lastKnownFileType = sourcecode.swift; path = MovieCell.swift; sourceTree = "<group>"; };
		F99B2213251D4D21000A4155 /* flixster.app */ = {isa = PBXFileReference; explicitFileType = wrapper.application; includeInIndex = 0; path = flixster.app; sourceTree = BUILT_PRODUCTS_DIR; };
		F99B2216251D4D21000A4155 /* AppDelegate.swift */ = {isa = PBXFileReference; lastKnownFileType = sourcecode.swift; path = AppDelegate.swift; sourceTree = "<group>"; };
		F99B2218251D4D21000A4155 /* SceneDelegate.swift */ = {isa = PBXFileReference; lastKnownFileType = sourcecode.swift; path = SceneDelegate.swift; sourceTree = "<group>"; };
		F99B221D251D4D21000A4155 /* Base */ = {isa = PBXFileReference; lastKnownFileType = file.storyboard; name = Base; path = Base.lproj/Main.storyboard; sourceTree = "<group>"; };
		F99B221F251D4D22000A4155 /* Assets.xcassets */ = {isa = PBXFileReference; lastKnownFileType = folder.assetcatalog; path = Assets.xcassets; sourceTree = "<group>"; };
		F99B2222251D4D22000A4155 /* Base */ = {isa = PBXFileReference; lastKnownFileType = file.storyboard; name = Base; path = Base.lproj/LaunchScreen.storyboard; sourceTree = "<group>"; };
		F99B2224251D4D22000A4155 /* Info.plist */ = {isa = PBXFileReference; lastKnownFileType = text.plist.xml; path = Info.plist; sourceTree = "<group>"; };
		F99B2229251D4D22000A4155 /* flixsterTests.xctest */ = {isa = PBXFileReference; explicitFileType = wrapper.cfbundle; includeInIndex = 0; path = flixsterTests.xctest; sourceTree = BUILT_PRODUCTS_DIR; };
		F99B222D251D4D22000A4155 /* flixsterTests.swift */ = {isa = PBXFileReference; lastKnownFileType = sourcecode.swift; path = flixsterTests.swift; sourceTree = "<group>"; };
		F99B222F251D4D22000A4155 /* Info.plist */ = {isa = PBXFileReference; lastKnownFileType = text.plist.xml; path = Info.plist; sourceTree = "<group>"; };
		F99B2234251D4D23000A4155 /* flixsterUITests.xctest */ = {isa = PBXFileReference; explicitFileType = wrapper.cfbundle; includeInIndex = 0; path = flixsterUITests.xctest; sourceTree = BUILT_PRODUCTS_DIR; };
		F99B2238251D4D23000A4155 /* flixsterUITests.swift */ = {isa = PBXFileReference; lastKnownFileType = sourcecode.swift; path = flixsterUITests.swift; sourceTree = "<group>"; };
		F99B223A251D4D23000A4155 /* Info.plist */ = {isa = PBXFileReference; lastKnownFileType = text.plist.xml; path = Info.plist; sourceTree = "<group>"; };
		F99B224C251D4DFF000A4155 /* MoviesViewController.swift */ = {isa = PBXFileReference; lastKnownFileType = sourcecode.swift; path = MoviesViewController.swift; sourceTree = "<group>"; };
/* End PBXFileReference section */

/* Begin PBXFrameworksBuildPhase section */
		F99B2210251D4D21000A4155 /* Frameworks */ = {
			isa = PBXFrameworksBuildPhase;
			buildActionMask = 2147483647;
			files = (
				900186491EA4D5DC24C68991 /* Pods_flixster.framework in Frameworks */,
			);
			runOnlyForDeploymentPostprocessing = 0;
		};
		F99B2226251D4D22000A4155 /* Frameworks */ = {
			isa = PBXFrameworksBuildPhase;
			buildActionMask = 2147483647;
			files = (
				8E46AD450D85680539437248 /* Pods_flixsterTests.framework in Frameworks */,
			);
			runOnlyForDeploymentPostprocessing = 0;
		};
		F99B2231251D4D23000A4155 /* Frameworks */ = {
			isa = PBXFrameworksBuildPhase;
			buildActionMask = 2147483647;
			files = (
				59DABD8B0D5D743AA245D615 /* Pods_flixster_flixsterUITests.framework in Frameworks */,
			);
			runOnlyForDeploymentPostprocessing = 0;
		};
/* End PBXFrameworksBuildPhase section */

/* Begin PBXGroup section */
		3E4D01B7616E7B0098D619FA /* Pods */ = {
			isa = PBXGroup;
			children = (
				D77D4754B887189E448E7D6D /* Pods-flixster.debug.xcconfig */,
				E3B7034C8153603E8A0095E6 /* Pods-flixster.release.xcconfig */,
				2ABD995701A1CE058DF2F396 /* Pods-flixster-flixsterUITests.debug.xcconfig */,
				37F6545955E74213BBCC1DA0 /* Pods-flixster-flixsterUITests.release.xcconfig */,
				7389724C5D1D893DB6E4EFFE /* Pods-flixsterTests.debug.xcconfig */,
				06975F0B0047E8C95F2FAFCE /* Pods-flixsterTests.release.xcconfig */,
			);
			name = Pods;
			path = Pods;
			sourceTree = "<group>";
		};
		EAD03E5DAC2C144BEB6D35C5 /* Frameworks */ = {
			isa = PBXGroup;
			children = (
				1485018AD1131E8972A8B8DF /* Pods_flixster.framework */,
				AD1C5B871E9832AEA4261238 /* Pods_flixster_flixsterUITests.framework */,
				6C33008D87FD96CE18D24343 /* Pods_flixsterTests.framework */,
			);
			name = Frameworks;
			sourceTree = "<group>";
		};
		F99B220A251D4D21000A4155 = {
			isa = PBXGroup;
			children = (
				F99B2215251D4D21000A4155 /* flixster */,
				F99B222C251D4D22000A4155 /* flixsterTests */,
				F99B2237251D4D23000A4155 /* flixsterUITests */,
				F99B2214251D4D21000A4155 /* Products */,
				3E4D01B7616E7B0098D619FA /* Pods */,
				EAD03E5DAC2C144BEB6D35C5 /* Frameworks */,
			);
			sourceTree = "<group>";
		};
		F99B2214251D4D21000A4155 /* Products */ = {
			isa = PBXGroup;
			children = (
				F99B2213251D4D21000A4155 /* flixster.app */,
				F99B2229251D4D22000A4155 /* flixsterTests.xctest */,
				F99B2234251D4D23000A4155 /* flixsterUITests.xctest */,
			);
			name = Products;
			sourceTree = "<group>";
		};
		F99B2215251D4D21000A4155 /* flixster */ = {
			isa = PBXGroup;
			children = (
				F99B2216251D4D21000A4155 /* AppDelegate.swift */,
				F99B2218251D4D21000A4155 /* SceneDelegate.swift */,
				F99B221C251D4D21000A4155 /* Main.storyboard */,
				F99B221F251D4D22000A4155 /* Assets.xcassets */,
				F99B2221251D4D22000A4155 /* LaunchScreen.storyboard */,
				F99B2224251D4D22000A4155 /* Info.plist */,
				F99B224C251D4DFF000A4155 /* MoviesViewController.swift */,
				F9635608251D581F00092C46 /* MovieCell.swift */,
			);
			path = flixster;
			sourceTree = "<group>";
		};
		F99B222C251D4D22000A4155 /* flixsterTests */ = {
			isa = PBXGroup;
			children = (
				F99B222D251D4D22000A4155 /* flixsterTests.swift */,
				F99B222F251D4D22000A4155 /* Info.plist */,
			);
			path = flixsterTests;
			sourceTree = "<group>";
		};
		F99B2237251D4D23000A4155 /* flixsterUITests */ = {
			isa = PBXGroup;
			children = (
				F99B2238251D4D23000A4155 /* flixsterUITests.swift */,
				F99B223A251D4D23000A4155 /* Info.plist */,
			);
			path = flixsterUITests;
			sourceTree = "<group>";
		};
/* End PBXGroup section */

/* Begin PBXNativeTarget section */
		F99B2212251D4D21000A4155 /* flixster */ = {
			isa = PBXNativeTarget;
			buildConfigurationList = F99B223D251D4D23000A4155 /* Build configuration list for PBXNativeTarget "flixster" */;
			buildPhases = (
				CF18C07E9DBD0143BB8B2B11 /* [CP] Check Pods Manifest.lock */,
				F99B220F251D4D21000A4155 /* Sources */,
				F99B2210251D4D21000A4155 /* Frameworks */,
				F99B2211251D4D21000A4155 /* Resources */,
				6CB37560FAFA5E5F05D54DEB /* [CP] Embed Pods Frameworks */,
			);
			buildRules = (
			);
			dependencies = (
			);
			name = flixster;
			productName = flixster;
			productReference = F99B2213251D4D21000A4155 /* flixster.app */;
			productType = "com.apple.product-type.application";
		};
		F99B2228251D4D22000A4155 /* flixsterTests */ = {
			isa = PBXNativeTarget;
			buildConfigurationList = F99B2240251D4D23000A4155 /* Build configuration list for PBXNativeTarget "flixsterTests" */;
			buildPhases = (
				9A51317ABDA7F75DAB46D83D /* [CP] Check Pods Manifest.lock */,
				F99B2225251D4D22000A4155 /* Sources */,
				F99B2226251D4D22000A4155 /* Frameworks */,
				F99B2227251D4D22000A4155 /* Resources */,
			);
			buildRules = (
			);
			dependencies = (
				F99B222B251D4D22000A4155 /* PBXTargetDependency */,
			);
			name = flixsterTests;
			productName = flixsterTests;
			productReference = F99B2229251D4D22000A4155 /* flixsterTests.xctest */;
			productType = "com.apple.product-type.bundle.unit-test";
		};
		F99B2233251D4D23000A4155 /* flixsterUITests */ = {
			isa = PBXNativeTarget;
			buildConfigurationList = F99B2243251D4D23000A4155 /* Build configuration list for PBXNativeTarget "flixsterUITests" */;
			buildPhases = (
				09DCF2CD7A3C30813D811894 /* [CP] Check Pods Manifest.lock */,
				F99B2230251D4D23000A4155 /* Sources */,
				F99B2231251D4D23000A4155 /* Frameworks */,
				F99B2232251D4D23000A4155 /* Resources */,
				12EF24A6F2F55AC02EEEC81B /* [CP] Embed Pods Frameworks */,
			);
			buildRules = (
			);
			dependencies = (
				F99B2236251D4D23000A4155 /* PBXTargetDependency */,
			);
			name = flixsterUITests;
			productName = flixsterUITests;
			productReference = F99B2234251D4D23000A4155 /* flixsterUITests.xctest */;
			productType = "com.apple.product-type.bundle.ui-testing";
		};
/* End PBXNativeTarget section */

/* Begin PBXProject section */
		F99B220B251D4D21000A4155 /* Project object */ = {
			isa = PBXProject;
			attributes = {
				LastSwiftUpdateCheck = 1200;
				LastUpgradeCheck = 1200;
				TargetAttributes = {
					F99B2212251D4D21000A4155 = {
						CreatedOnToolsVersion = 12.0;
					};
					F99B2228251D4D22000A4155 = {
						CreatedOnToolsVersion = 12.0;
						TestTargetID = F99B2212251D4D21000A4155;
					};
					F99B2233251D4D23000A4155 = {
						CreatedOnToolsVersion = 12.0;
						TestTargetID = F99B2212251D4D21000A4155;
					};
				};
			};
			buildConfigurationList = F99B220E251D4D21000A4155 /* Build configuration list for PBXProject "flixster" */;
			compatibilityVersion = "Xcode 9.3";
			developmentRegion = en;
			hasScannedForEncodings = 0;
			knownRegions = (
				en,
				Base,
			);
			mainGroup = F99B220A251D4D21000A4155;
			productRefGroup = F99B2214251D4D21000A4155 /* Products */;
			projectDirPath = "";
			projectRoot = "";
			targets = (
				F99B2212251D4D21000A4155 /* flixster */,
				F99B2228251D4D22000A4155 /* flixsterTests */,
				F99B2233251D4D23000A4155 /* flixsterUITests */,
			);
		};
/* End PBXProject section */

/* Begin PBXResourcesBuildPhase section */
		F99B2211251D4D21000A4155 /* Resources */ = {
			isa = PBXResourcesBuildPhase;
			buildActionMask = 2147483647;
			files = (
				F99B2223251D4D22000A4155 /* LaunchScreen.storyboard in Resources */,
				F99B2220251D4D22000A4155 /* Assets.xcassets in Resources */,
				F99B221E251D4D21000A4155 /* Main.storyboard in Resources */,
			);
			runOnlyForDeploymentPostprocessing = 0;
		};
		F99B2227251D4D22000A4155 /* Resources */ = {
			isa = PBXResourcesBuildPhase;
			buildActionMask = 2147483647;
			files = (
			);
			runOnlyForDeploymentPostprocessing = 0;
		};
		F99B2232251D4D23000A4155 /* Resources */ = {
			isa = PBXResourcesBuildPhase;
			buildActionMask = 2147483647;
			files = (
			);
			runOnlyForDeploymentPostprocessing = 0;
		};
/* End PBXResourcesBuildPhase section */

/* Begin PBXShellScriptBuildPhase section */
		09DCF2CD7A3C30813D811894 /* [CP] Check Pods Manifest.lock */ = {
			isa = PBXShellScriptBuildPhase;
			buildActionMask = 2147483647;
			files = (
			);
			inputFileListPaths = (
			);
			inputPaths = (
				"${PODS_PODFILE_DIR_PATH}/Podfile.lock",
				"${PODS_ROOT}/Manifest.lock",
			);
			name = "[CP] Check Pods Manifest.lock";
			outputFileListPaths = (
			);
			outputPaths = (
				"$(DERIVED_FILE_DIR)/Pods-flixster-flixsterUITests-checkManifestLockResult.txt",
			);
			runOnlyForDeploymentPostprocessing = 0;
			shellPath = /bin/sh;
			shellScript = "diff \"${PODS_PODFILE_DIR_PATH}/Podfile.lock\" \"${PODS_ROOT}/Manifest.lock\" > /dev/null\nif [ $? != 0 ] ; then\n    # print error to STDERR\n    echo \"error: The sandbox is not in sync with the Podfile.lock. Run 'pod install' or update your CocoaPods installation.\" >&2\n    exit 1\nfi\n# This output is used by Xcode 'outputs' to avoid re-running this script phase.\necho \"SUCCESS\" > \"${SCRIPT_OUTPUT_FILE_0}\"\n";
			showEnvVarsInLog = 0;
		};
		12EF24A6F2F55AC02EEEC81B /* [CP] Embed Pods Frameworks */ = {
			isa = PBXShellScriptBuildPhase;
			buildActionMask = 2147483647;
			files = (
			);
			inputFileListPaths = (
				"${PODS_ROOT}/Target Support Files/Pods-flixster-flixsterUITests/Pods-flixster-flixsterUITests-frameworks-${CONFIGURATION}-input-files.xcfilelist",
			);
			name = "[CP] Embed Pods Frameworks";
			outputFileListPaths = (
				"${PODS_ROOT}/Target Support Files/Pods-flixster-flixsterUITests/Pods-flixster-flixsterUITests-frameworks-${CONFIGURATION}-output-files.xcfilelist",
			);
			runOnlyForDeploymentPostprocessing = 0;
			shellPath = /bin/sh;
			shellScript = "\"${PODS_ROOT}/Target Support Files/Pods-flixster-flixsterUITests/Pods-flixster-flixsterUITests-frameworks.sh\"\n";
			showEnvVarsInLog = 0;
		};
		6CB37560FAFA5E5F05D54DEB /* [CP] Embed Pods Frameworks */ = {
			isa = PBXShellScriptBuildPhase;
			buildActionMask = 2147483647;
			files = (
			);
			inputFileListPaths = (
				"${PODS_ROOT}/Target Support Files/Pods-flixster/Pods-flixster-frameworks-${CONFIGURATION}-input-files.xcfilelist",
			);
			name = "[CP] Embed Pods Frameworks";
			outputFileListPaths = (
				"${PODS_ROOT}/Target Support Files/Pods-flixster/Pods-flixster-frameworks-${CONFIGURATION}-output-files.xcfilelist",
			);
			runOnlyForDeploymentPostprocessing = 0;
			shellPath = /bin/sh;
			shellScript = "\"${PODS_ROOT}/Target Support Files/Pods-flixster/Pods-flixster-frameworks.sh\"\n";
			showEnvVarsInLog = 0;
		};
		9A51317ABDA7F75DAB46D83D /* [CP] Check Pods Manifest.lock */ = {
			isa = PBXShellScriptBuildPhase;
			buildActionMask = 2147483647;
			files = (
			);
			inputFileListPaths = (
			);
			inputPaths = (
				"${PODS_PODFILE_DIR_PATH}/Podfile.lock",
				"${PODS_ROOT}/Manifest.lock",
			);
			name = "[CP] Check Pods Manifest.lock";
			outputFileListPaths = (
			);
			outputPaths = (
				"$(DERIVED_FILE_DIR)/Pods-flixsterTests-checkManifestLockResult.txt",
			);
			runOnlyForDeploymentPostprocessing = 0;
			shellPath = /bin/sh;
			shellScript = "diff \"${PODS_PODFILE_DIR_PATH}/Podfile.lock\" \"${PODS_ROOT}/Manifest.lock\" > /dev/null\nif [ $? != 0 ] ; then\n    # print error to STDERR\n    echo \"error: The sandbox is not in sync with the Podfile.lock. Run 'pod install' or update your CocoaPods installation.\" >&2\n    exit 1\nfi\n# This output is used by Xcode 'outputs' to avoid re-running this script phase.\necho \"SUCCESS\" > \"${SCRIPT_OUTPUT_FILE_0}\"\n";
			showEnvVarsInLog = 0;
		};
		CF18C07E9DBD0143BB8B2B11 /* [CP] Check Pods Manifest.lock */ = {
			isa = PBXShellScriptBuildPhase;
			buildActionMask = 2147483647;
			files = (
			);
			inputFileListPaths = (
			);
			inputPaths = (
				"${PODS_PODFILE_DIR_PATH}/Podfile.lock",
				"${PODS_ROOT}/Manifest.lock",
			);
			name = "[CP] Check Pods Manifest.lock";
			outputFileListPaths = (
			);
			outputPaths = (
				"$(DERIVED_FILE_DIR)/Pods-flixster-checkManifestLockResult.txt",
			);
			runOnlyForDeploymentPostprocessing = 0;
			shellPath = /bin/sh;
			shellScript = "diff \"${PODS_PODFILE_DIR_PATH}/Podfile.lock\" \"${PODS_ROOT}/Manifest.lock\" > /dev/null\nif [ $? != 0 ] ; then\n    # print error to STDERR\n    echo \"error: The sandbox is not in sync with the Podfile.lock. Run 'pod install' or update your CocoaPods installation.\" >&2\n    exit 1\nfi\n# This output is used by Xcode 'outputs' to avoid re-running this script phase.\necho \"SUCCESS\" > \"${SCRIPT_OUTPUT_FILE_0}\"\n";
			showEnvVarsInLog = 0;
		};
/* End PBXShellScriptBuildPhase section */

/* Begin PBXSourcesBuildPhase section */
		F99B220F251D4D21000A4155 /* Sources */ = {
			isa = PBXSourcesBuildPhase;
			buildActionMask = 2147483647;
			files = (
				F99B2217251D4D21000A4155 /* AppDelegate.swift in Sources */,
				F99B2219251D4D21000A4155 /* SceneDelegate.swift in Sources */,
				F9635609251D581F00092C46 /* MovieCell.swift in Sources */,
				F99B224D251D4DFF000A4155 /* MoviesViewController.swift in Sources */,
			);
			runOnlyForDeploymentPostprocessing = 0;
		};
		F99B2225251D4D22000A4155 /* Sources */ = {
			isa = PBXSourcesBuildPhase;
			buildActionMask = 2147483647;
			files = (
				F99B222E251D4D22000A4155 /* flixsterTests.swift in Sources */,
			);
			runOnlyForDeploymentPostprocessing = 0;
		};
		F99B2230251D4D23000A4155 /* Sources */ = {
			isa = PBXSourcesBuildPhase;
			buildActionMask = 2147483647;
			files = (
				F99B2239251D4D23000A4155 /* flixsterUITests.swift in Sources */,
			);
			runOnlyForDeploymentPostprocessing = 0;
		};
/* End PBXSourcesBuildPhase section */

/* Begin PBXTargetDependency section */
		F99B222B251D4D22000A4155 /* PBXTargetDependency */ = {
			isa = PBXTargetDependency;
			target = F99B2212251D4D21000A4155 /* flixster */;
			targetProxy = F99B222A251D4D22000A4155 /* PBXContainerItemProxy */;
		};
		F99B2236251D4D23000A4155 /* PBXTargetDependency */ = {
			isa = PBXTargetDependency;
			target = F99B2212251D4D21000A4155 /* flixster */;
			targetProxy = F99B2235251D4D23000A4155 /* PBXContainerItemProxy */;
		};
/* End PBXTargetDependency section */

/* Begin PBXVariantGroup section */
		F99B221C251D4D21000A4155 /* Main.storyboard */ = {
			isa = PBXVariantGroup;
			children = (
				F99B221D251D4D21000A4155 /* Base */,
			);
			name = Main.storyboard;
			sourceTree = "<group>";
		};
		F99B2221251D4D22000A4155 /* LaunchScreen.storyboard */ = {
			isa = PBXVariantGroup;
			children = (
				F99B2222251D4D22000A4155 /* Base */,
			);
			name = LaunchScreen.storyboard;
			sourceTree = "<group>";
		};
/* End PBXVariantGroup section */

/* Begin XCBuildConfiguration section */
		F99B223B251D4D23000A4155 /* Debug */ = {
			isa = XCBuildConfiguration;
			buildSettings = {
				ALWAYS_SEARCH_USER_PATHS = NO;
				CLANG_ANALYZER_NONNULL = YES;
				CLANG_ANALYZER_NUMBER_OBJECT_CONVERSION = YES_AGGRESSIVE;
				CLANG_CXX_LANGUAGE_STANDARD = "gnu++14";
				CLANG_CXX_LIBRARY = "libc++";
				CLANG_ENABLE_MODULES = YES;
				CLANG_ENABLE_OBJC_ARC = YES;
				CLANG_ENABLE_OBJC_WEAK = YES;
				CLANG_WARN_BLOCK_CAPTURE_AUTORELEASING = YES;
				CLANG_WARN_BOOL_CONVERSION = YES;
				CLANG_WARN_COMMA = YES;
				CLANG_WARN_CONSTANT_CONVERSION = YES;
				CLANG_WARN_DEPRECATED_OBJC_IMPLEMENTATIONS = YES;
				CLANG_WARN_DIRECT_OBJC_ISA_USAGE = YES_ERROR;
				CLANG_WARN_DOCUMENTATION_COMMENTS = YES;
				CLANG_WARN_EMPTY_BODY = YES;
				CLANG_WARN_ENUM_CONVERSION = YES;
				CLANG_WARN_INFINITE_RECURSION = YES;
				CLANG_WARN_INT_CONVERSION = YES;
				CLANG_WARN_NON_LITERAL_NULL_CONVERSION = YES;
				CLANG_WARN_OBJC_IMPLICIT_RETAIN_SELF = YES;
				CLANG_WARN_OBJC_LITERAL_CONVERSION = YES;
				CLANG_WARN_OBJC_ROOT_CLASS = YES_ERROR;
				CLANG_WARN_QUOTED_INCLUDE_IN_FRAMEWORK_HEADER = YES;
				CLANG_WARN_RANGE_LOOP_ANALYSIS = YES;
				CLANG_WARN_STRICT_PROTOTYPES = YES;
				CLANG_WARN_SUSPICIOUS_MOVE = YES;
				CLANG_WARN_UNGUARDED_AVAILABILITY = YES_AGGRESSIVE;
				CLANG_WARN_UNREACHABLE_CODE = YES;
				CLANG_WARN__DUPLICATE_METHOD_MATCH = YES;
				COPY_PHASE_STRIP = NO;
				DEBUG_INFORMATION_FORMAT = dwarf;
				ENABLE_STRICT_OBJC_MSGSEND = YES;
				ENABLE_TESTABILITY = YES;
				GCC_C_LANGUAGE_STANDARD = gnu11;
				GCC_DYNAMIC_NO_PIC = NO;
				GCC_NO_COMMON_BLOCKS = YES;
				GCC_OPTIMIZATION_LEVEL = 0;
				GCC_PREPROCESSOR_DEFINITIONS = (
					"DEBUG=1",
					"$(inherited)",
				);
				GCC_WARN_64_TO_32_BIT_CONVERSION = YES;
				GCC_WARN_ABOUT_RETURN_TYPE = YES_ERROR;
				GCC_WARN_UNDECLARED_SELECTOR = YES;
				GCC_WARN_UNINITIALIZED_AUTOS = YES_AGGRESSIVE;
				GCC_WARN_UNUSED_FUNCTION = YES;
				GCC_WARN_UNUSED_VARIABLE = YES;
				IPHONEOS_DEPLOYMENT_TARGET = 14.0;
				MTL_ENABLE_DEBUG_INFO = INCLUDE_SOURCE;
				MTL_FAST_MATH = YES;
				ONLY_ACTIVE_ARCH = YES;
				SDKROOT = iphoneos;
				SWIFT_ACTIVE_COMPILATION_CONDITIONS = DEBUG;
				SWIFT_OPTIMIZATION_LEVEL = "-Onone";
			};
			name = Debug;
		};
		F99B223C251D4D23000A4155 /* Release */ = {
			isa = XCBuildConfiguration;
			buildSettings = {
				ALWAYS_SEARCH_USER_PATHS = NO;
				CLANG_ANALYZER_NONNULL = YES;
				CLANG_ANALYZER_NUMBER_OBJECT_CONVERSION = YES_AGGRESSIVE;
				CLANG_CXX_LANGUAGE_STANDARD = "gnu++14";
				CLANG_CXX_LIBRARY = "libc++";
				CLANG_ENABLE_MODULES = YES;
				CLANG_ENABLE_OBJC_ARC = YES;
				CLANG_ENABLE_OBJC_WEAK = YES;
				CLANG_WARN_BLOCK_CAPTURE_AUTORELEASING = YES;
				CLANG_WARN_BOOL_CONVERSION = YES;
				CLANG_WARN_COMMA = YES;
				CLANG_WARN_CONSTANT_CONVERSION = YES;
				CLANG_WARN_DEPRECATED_OBJC_IMPLEMENTATIONS = YES;
				CLANG_WARN_DIRECT_OBJC_ISA_USAGE = YES_ERROR;
				CLANG_WARN_DOCUMENTATION_COMMENTS = YES;
				CLANG_WARN_EMPTY_BODY = YES;
				CLANG_WARN_ENUM_CONVERSION = YES;
				CLANG_WARN_INFINITE_RECURSION = YES;
				CLANG_WARN_INT_CONVERSION = YES;
				CLANG_WARN_NON_LITERAL_NULL_CONVERSION = YES;
				CLANG_WARN_OBJC_IMPLICIT_RETAIN_SELF = YES;
				CLANG_WARN_OBJC_LITERAL_CONVERSION = YES;
				CLANG_WARN_OBJC_ROOT_CLASS = YES_ERROR;
				CLANG_WARN_QUOTED_INCLUDE_IN_FRAMEWORK_HEADER = YES;
				CLANG_WARN_RANGE_LOOP_ANALYSIS = YES;
				CLANG_WARN_STRICT_PROTOTYPES = YES;
				CLANG_WARN_SUSPICIOUS_MOVE = YES;
				CLANG_WARN_UNGUARDED_AVAILABILITY = YES_AGGRESSIVE;
				CLANG_WARN_UNREACHABLE_CODE = YES;
				CLANG_WARN__DUPLICATE_METHOD_MATCH = YES;
				COPY_PHASE_STRIP = NO;
				DEBUG_INFORMATION_FORMAT = "dwarf-with-dsym";
				ENABLE_NS_ASSERTIONS = NO;
				ENABLE_STRICT_OBJC_MSGSEND = YES;
				GCC_C_LANGUAGE_STANDARD = gnu11;
				GCC_NO_COMMON_BLOCKS = YES;
				GCC_WARN_64_TO_32_BIT_CONVERSION = YES;
				GCC_WARN_ABOUT_RETURN_TYPE = YES_ERROR;
				GCC_WARN_UNDECLARED_SELECTOR = YES;
				GCC_WARN_UNINITIALIZED_AUTOS = YES_AGGRESSIVE;
				GCC_WARN_UNUSED_FUNCTION = YES;
				GCC_WARN_UNUSED_VARIABLE = YES;
				IPHONEOS_DEPLOYMENT_TARGET = 14.0;
				MTL_ENABLE_DEBUG_INFO = NO;
				MTL_FAST_MATH = YES;
				SDKROOT = iphoneos;
				SWIFT_COMPILATION_MODE = wholemodule;
				SWIFT_OPTIMIZATION_LEVEL = "-O";
				VALIDATE_PRODUCT = YES;
			};
			name = Release;
		};
		F99B223E251D4D23000A4155 /* Debug */ = {
			isa = XCBuildConfiguration;
			baseConfigurationReference = D77D4754B887189E448E7D6D /* Pods-flixster.debug.xcconfig */;
			buildSettings = {
				ASSETCATALOG_COMPILER_APPICON_NAME = AppIcon;
				ASSETCATALOG_COMPILER_GLOBAL_ACCENT_COLOR_NAME = AccentColor;
				CODE_SIGN_STYLE = Automatic;
				INFOPLIST_FILE = flixster/Info.plist;
				LD_RUNPATH_SEARCH_PATHS = (
					"$(inherited)",
					"@executable_path/Frameworks",
				);
				PRODUCT_BUNDLE_IDENTIFIER = joynuel.flixster;
				PRODUCT_NAME = "$(TARGET_NAME)";
				SWIFT_VERSION = 5.0;
				TARGETED_DEVICE_FAMILY = "1,2";
			};
			name = Debug;
		};
		F99B223F251D4D23000A4155 /* Release */ = {
			isa = XCBuildConfiguration;
			baseConfigurationReference = E3B7034C8153603E8A0095E6 /* Pods-flixster.release.xcconfig */;
			buildSettings = {
				ASSETCATALOG_COMPILER_APPICON_NAME = AppIcon;
				ASSETCATALOG_COMPILER_GLOBAL_ACCENT_COLOR_NAME = AccentColor;
				CODE_SIGN_STYLE = Automatic;
				INFOPLIST_FILE = flixster/Info.plist;
				LD_RUNPATH_SEARCH_PATHS = (
					"$(inherited)",
					"@executable_path/Frameworks",
				);
				PRODUCT_BUNDLE_IDENTIFIER = joynuel.flixster;
				PRODUCT_NAME = "$(TARGET_NAME)";
				SWIFT_VERSION = 5.0;
				TARGETED_DEVICE_FAMILY = "1,2";
			};
			name = Release;
		};
		F99B2241251D4D23000A4155 /* Debug */ = {
			isa = XCBuildConfiguration;
			baseConfigurationReference = 7389724C5D1D893DB6E4EFFE /* Pods-flixsterTests.debug.xcconfig */;
			buildSettings = {
				ALWAYS_EMBED_SWIFT_STANDARD_LIBRARIES = YES;
				BUNDLE_LOADER = "$(TEST_HOST)";
				CODE_SIGN_STYLE = Automatic;
				INFOPLIST_FILE = flixsterTests/Info.plist;
				IPHONEOS_DEPLOYMENT_TARGET = 14.0;
				LD_RUNPATH_SEARCH_PATHS = (
					"$(inherited)",
					"@executable_path/Frameworks",
					"@loader_path/Frameworks",
				);
				PRODUCT_BUNDLE_IDENTIFIER = joynuel.flixsterTests;
				PRODUCT_NAME = "$(TARGET_NAME)";
				SWIFT_VERSION = 5.0;
				TARGETED_DEVICE_FAMILY = "1,2";
				TEST_HOST = "$(BUILT_PRODUCTS_DIR)/flixster.app/flixster";
			};
			name = Debug;
		};
		F99B2242251D4D23000A4155 /* Release */ = {
			isa = XCBuildConfiguration;
			baseConfigurationReference = 06975F0B0047E8C95F2FAFCE /* Pods-flixsterTests.release.xcconfig */;
			buildSettings = {
				ALWAYS_EMBED_SWIFT_STANDARD_LIBRARIES = YES;
				BUNDLE_LOADER = "$(TEST_HOST)";
				CODE_SIGN_STYLE = Automatic;
				INFOPLIST_FILE = flixsterTests/Info.plist;
				IPHONEOS_DEPLOYMENT_TARGET = 14.0;
				LD_RUNPATH_SEARCH_PATHS = (
					"$(inherited)",
					"@executable_path/Frameworks",
					"@loader_path/Frameworks",
				);
				PRODUCT_BUNDLE_IDENTIFIER = joynuel.flixsterTests;
				PRODUCT_NAME = "$(TARGET_NAME)";
				SWIFT_VERSION = 5.0;
				TARGETED_DEVICE_FAMILY = "1,2";
				TEST_HOST = "$(BUILT_PRODUCTS_DIR)/flixster.app/flixster";
			};
			name = Release;
		};
		F99B2244251D4D23000A4155 /* Debug */ = {
			isa = XCBuildConfiguration;
			baseConfigurationReference = 2ABD995701A1CE058DF2F396 /* Pods-flixster-flixsterUITests.debug.xcconfig */;
			buildSettings = {
				ALWAYS_EMBED_SWIFT_STANDARD_LIBRARIES = YES;
				CODE_SIGN_STYLE = Automatic;
				INFOPLIST_FILE = flixsterUITests/Info.plist;
				LD_RUNPATH_SEARCH_PATHS = (
					"$(inherited)",
					"@executable_path/Frameworks",
					"@loader_path/Frameworks",
				);
				PRODUCT_BUNDLE_IDENTIFIER = joynuel.flixsterUITests;
				PRODUCT_NAME = "$(TARGET_NAME)";
				SWIFT_VERSION = 5.0;
				TARGETED_DEVICE_FAMILY = "1,2";
				TEST_TARGET_NAME = flixster;
			};
			name = Debug;
		};
		F99B2245251D4D23000A4155 /* Release */ = {
			isa = XCBuildConfiguration;
			baseConfigurationReference = 37F6545955E74213BBCC1DA0 /* Pods-flixster-flixsterUITests.release.xcconfig */;
			buildSettings = {
				ALWAYS_EMBED_SWIFT_STANDARD_LIBRARIES = YES;
				CODE_SIGN_STYLE = Automatic;
				INFOPLIST_FILE = flixsterUITests/Info.plist;
				LD_RUNPATH_SEARCH_PATHS = (
					"$(inherited)",
					"@executable_path/Frameworks",
					"@loader_path/Frameworks",
				);
				PRODUCT_BUNDLE_IDENTIFIER = joynuel.flixsterUITests;
				PRODUCT_NAME = "$(TARGET_NAME)";
				SWIFT_VERSION = 5.0;
				TARGETED_DEVICE_FAMILY = "1,2";
				TEST_TARGET_NAME = flixster;
			};
			name = Release;
		};
/* End XCBuildConfiguration section */

/* Begin XCConfigurationList section */
		F99B220E251D4D21000A4155 /* Build configuration list for PBXProject "flixster" */ = {
			isa = XCConfigurationList;
			buildConfigurations = (
				F99B223B251D4D23000A4155 /* Debug */,
				F99B223C251D4D23000A4155 /* Release */,
			);
			defaultConfigurationIsVisible = 0;
			defaultConfigurationName = Release;
		};
		F99B223D251D4D23000A4155 /* Build configuration list for PBXNativeTarget "flixster" */ = {
			isa = XCConfigurationList;
			buildConfigurations = (
				F99B223E251D4D23000A4155 /* Debug */,
				F99B223F251D4D23000A4155 /* Release */,
			);
			defaultConfigurationIsVisible = 0;
			defaultConfigurationName = Release;
		};
		F99B2240251D4D23000A4155 /* Build configuration list for PBXNativeTarget "flixsterTests" */ = {
			isa = XCConfigurationList;
			buildConfigurations = (
				F99B2241251D4D23000A4155 /* Debug */,
				F99B2242251D4D23000A4155 /* Release */,
			);
			defaultConfigurationIsVisible = 0;
			defaultConfigurationName = Release;
		};
		F99B2243251D4D23000A4155 /* Build configuration list for PBXNativeTarget "flixsterUITests" */ = {
			isa = XCConfigurationList;
			buildConfigurations = (
				F99B2244251D4D23000A4155 /* Debug */,
				F99B2245251D4D23000A4155 /* Release */,
			);
			defaultConfigurationIsVisible = 0;
			defaultConfigurationName = Release;
		};
/* End XCConfigurationList section */
	};
	rootObject = F99B220B251D4D21000A4155 /* Project object */;
}
